
Microsoft Visual Studio Solution File, Format Version 11.00
# Visual Studio 2010
# SharpDevelop 5.1
Project("{FAE04EC0-301F-11D3-BF4B-00C04F79EFBC}") = "test08_grade", "test08_grade.csproj", "{1091C784-3F62-4CEB-82B1-ABCD4221B551}"
EndProject
Global
	GlobalSection(SolutionConfigurationPlatforms) = preSolution
		Debug|Any CPU = Debug|Any CPU
		Release|Any CPU = Release|Any CPU
	EndGlobalSection
	GlobalSection(ProjectConfigurationPlatforms) = postSolution
		{1091C784-3F62-4CEB-82B1-ABCD4221B551}.Debug|Any CPU.ActiveCfg = Debug|Any CPU
		{1091C784-3F62-4CEB-82B1-ABCD4221B551}.Debug|Any CPU.Build.0 = Debug|Any CPU
		{1091C784-3F62-4CEB-82B1-ABCD4221B551}.Release|Any CPU.ActiveCfg = Release|Any CPU
		{1091C784-3F62-4CEB-82B1-ABCD4221B551}.Release|Any CPU.Build.0 = Release|Any CPU
	EndGlobalSection
EndGlobal
